{
  "name": "ausgsteckt",
  "lockfileVersion": 3,
  "requires": true,
  "packages": {
    "": {
      "dependencies": {
        "jquery": "^3.7.1",
        "leaflet": "^1.9.4",
        "leaflet-plugins": "^3.4.0",
        "leaflet-providers": "^1.13.0"
      }
    },
    "node_modules/jquery": {
      "version": "3.7.1",
      "resolved": "https://registry.npmjs.org/jquery/-/jquery-3.7.1.tgz",
      "integrity": "sha512-m4avr8yL8kmFN8psrbFFFmB/If14iN5o9nw/NgnnM+kybDJpRsAynV2BsfpTYrTRysYUdADVD7CkUUizgkpLfg==",
      "license": "MIT"
    },
    "node_modules/leaflet": {
      "version": "1.9.4",
      "resolved": "https://registry.npmjs.org/leaflet/-/leaflet-1.9.4.tgz",
      "integrity": "sha512-nxS1ynzJOmOlHp+iL3FyWqK89GtNL8U8rvlMOsQdTTssxZwCXh8N2NB3GDQOL+YR3XnWyZAxwQixURb+FA74PA==",
      "license": "BSD-2-Clause"
    },
    "node_modules/leaflet-plugins": {
      "version": "3.4.0",
      "resolved": "https://registry.npmjs.org/leaflet-plugins/-/leaflet-plugins-3.4.0.tgz",
      "integrity": "sha512-CjsQKaW545tNY4JVm4v3WhbFcUa2QzWQQzEysQ0eY/ThYYMqIL5DnQNgcHCvAFZtEwlj7MlTtI7BFuKiNuqyJA==",
      "license": "MIT"
    },
    "node_modules/leaflet-providers": {
      "version": "1.13.0",
      "resolved": "https://registry.npmjs.org/leaflet-providers/-/leaflet-providers-1.13.0.tgz",
      "integrity": "sha512-f/sN5wdgBbVA2jcCYzScIfYNxKdn2wBJP9bu+5cRX9Xj6g8Bt1G9Sr8WgJAt/ckIFIc3LVVxCBNFpSCfTuUElg==",
      "license": "BSD-2-Clause"
    }
  }
}
